
Microsoft Visual Studio Solution File, Format Version 11.00
# Visual Studio 2010
# SharpDevelop 4.4
Project("{FAE04EC0-301F-11D3-BF4B-00C04F79EFBC}") = "FileToFolder", "FileToFolder.csproj", "{17911094-1E2C-4599-8441-C2498EE9A580}"
EndProject
Global
	GlobalSection(SolutionConfigurationPlatforms) = preSolution
		Debug|Any CPU = Debug|Any CPU
		Release|Any CPU = Release|Any CPU
	EndGlobalSection
	GlobalSection(ProjectConfigurationPlatforms) = postSolution
		{17911094-1E2C-4599-8441-C2498EE9A580}.Debug|Any CPU.Build.0 = Debug|Any CPU
		{17911094-1E2C-4599-8441-C2498EE9A580}.Debug|Any CPU.ActiveCfg = Debug|Any CPU
		{17911094-1E2C-4599-8441-C2498EE9A580}.Release|Any CPU.Build.0 = Release|Any CPU
		{17911094-1E2C-4599-8441-C2498EE9A580}.Release|Any CPU.ActiveCfg = Release|Any CPU
	EndGlobalSection
EndGlobal
